
Microsoft Visual Studio Solution File, Format Version 12.00
# Visual Studio Version 17
VisualStudioVersion = 17.13.35818.85 d17.13
MinimumVisualStudioVersion = 15.0.26124.0
Project("{FAE04EC0-301F-11D3-BF4B-00C04F79EFBC}") = "dotnet-sample-B", "project\dotnet-sample-B.csproj", "{FC06C215-63E2-4B88-FAE3-6B62828BB837}"
EndProject
Project("{FAE04EC0-301F-11D3-BF4B-00C04F79EFBC}") = "shared-library", "..\comp-dotnet\shared-library\shared-library.csproj", "{81B1B559-AEDB-7C79-0189-4B09FD6D4437}"
EndProject
Global
	GlobalSection(SolutionConfigurationPlatforms) = preSolution
		Debug|Any CPU = Debug|Any CPU
		Debug|x64 = Debug|x64
		Debug|x86 = Debug|x86
		Release|Any CPU = Release|Any CPU
		Release|x64 = Release|x64
		Release|x86 = Release|x86
	EndGlobalSection
	GlobalSection(ProjectConfigurationPlatforms) = postSolution
		{FC06C215-63E2-4B88-FAE3-6B62828BB837}.Debug|Any CPU.ActiveCfg = Debug|Any CPU
		{FC06C215-63E2-4B88-FAE3-6B62828BB837}.Debug|Any CPU.Build.0 = Debug|Any CPU
		{FC06C215-63E2-4B88-FAE3-6B62828BB837}.Debug|x64.ActiveCfg = Debug|Any CPU
		{FC06C215-63E2-4B88-FAE3-6B62828BB837}.Debug|x64.Build.0 = Debug|Any CPU
		{FC06C215-63E2-4B88-FAE3-6B62828BB837}.Debug|x86.ActiveCfg = Debug|Any CPU
		{FC06C215-63E2-4B88-FAE3-6B62828BB837}.Debug|x86.Build.0 = Debug|Any CPU
		{FC06C215-63E2-4B88-FAE3-6B62828BB837}.Release|Any CPU.ActiveCfg = Release|Any CPU
		{FC06C215-63E2-4B88-FAE3-6B62828BB837}.Release|Any CPU.Build.0 = Release|Any CPU
		{FC06C215-63E2-4B88-FAE3-6B62828BB837}.Release|x64.ActiveCfg = Release|Any CPU
		{FC06C215-63E2-4B88-FAE3-6B62828BB837}.Release|x64.Build.0 = Release|Any CPU
		{FC06C215-63E2-4B88-FAE3-6B62828BB837}.Release|x86.ActiveCfg = Release|Any CPU
		{FC06C215-63E2-4B88-FAE3-6B62828BB837}.Release|x86.Build.0 = Release|Any CPU
		{81B1B559-AEDB-7C79-0189-4B09FD6D4437}.Debug|Any CPU.ActiveCfg = Debug|Any CPU
		{81B1B559-AEDB-7C79-0189-4B09FD6D4437}.Debug|Any CPU.Build.0 = Debug|Any CPU
		{81B1B559-AEDB-7C79-0189-4B09FD6D4437}.Debug|x64.ActiveCfg = Debug|Any CPU
		{81B1B559-AEDB-7C79-0189-4B09FD6D4437}.Debug|x64.Build.0 = Debug|Any CPU
		{81B1B559-AEDB-7C79-0189-4B09FD6D4437}.Debug|x86.ActiveCfg = Debug|Any CPU
		{81B1B559-AEDB-7C79-0189-4B09FD6D4437}.Debug|x86.Build.0 = Debug|Any CPU
		{81B1B559-AEDB-7C79-0189-4B09FD6D4437}.Release|Any CPU.ActiveCfg = Release|Any CPU
		{81B1B559-AEDB-7C79-0189-4B09FD6D4437}.Release|Any CPU.Build.0 = Release|Any CPU
		{81B1B559-AEDB-7C79-0189-4B09FD6D4437}.Release|x64.ActiveCfg = Release|Any CPU
		{81B1B559-AEDB-7C79-0189-4B09FD6D4437}.Release|x64.Build.0 = Release|Any CPU
		{81B1B559-AEDB-7C79-0189-4B09FD6D4437}.Release|x86.ActiveCfg = Release|Any CPU
		{81B1B559-AEDB-7C79-0189-4B09FD6D4437}.Release|x86.Build.0 = Release|Any CPU
	EndGlobalSection
	GlobalSection(SolutionProperties) = preSolution
		HideSolutionNode = FALSE
	EndGlobalSection
	GlobalSection(ExtensibilityGlobals) = postSolution
		SolutionGuid = {BF13BF97-0A94-4AC1-B8CD-2DD2CD3410F6}
	EndGlobalSection
EndGlobal
